<?xml version="1.0" encoding="utf-8"?>
<Project ToolsVersion="4.0" xmlns="http://schemas.microsoft.com/developer/msbuild/2003">
  <ItemGroup>
    <Filter Include="소스 파일">
      <UniqueIdentifier>{4FC737F1-C7A5-4376-A066-2A32D752A2FF}</UniqueIdentifier>
      <Extensions>cpp;c;cc;cxx;c++;cppm;ixx;def;odl;idl;hpj;bat;asm;asmx</Extensions>
    </Filter>
    <Filter Include="소스 파일\Rendering">
      <UniqueIdentifier>{4b7e459e-6f1c-4e63-b987-e2208b3f94bf}</UniqueIdentifier>
    </Filter>
    <Filter Include="소스 파일\Game">
      <UniqueIdentifier>{51cb177f-15a3-48c0-8186-65dffc6cdc2c}</UniqueIdentifier>
    </Filter>
    <Filter Include="소스 파일\Core">
      <UniqueIdentifier>{485f1a37-8653-4ade-9291-b7cacf686197}</UniqueIdentifier>
    </Filter>
    <Filter Include="소스 파일\Data">
      <UniqueIdentifier>{aa1e191b-5e26-439d-b056-b9317c722b9e}</UniqueIdentifier>
    </Filter>
    <Filter Include="소스 파일\Utils">
      <UniqueIdentifier>{79531096-343f-4386-8749-9a051dfcdcbe}</UniqueIdentifier>
    </Filter>
  </ItemGroup>
  <ItemGroup>
    <ClCompile Include="Source\Model.cpp">
      <Filter>소스 파일\Rendering</Filter>
    </ClCompile>
    <ClCompile Include="Source\Camera.cpp">
      <Filter>소스 파일\Rendering</Filter>
    </ClCompile>
    <ClCompile Include="Source\GameObject.cpp">
      <Filter>소스 파일\Game</Filter>
    </ClCompile>
    <ClCompile Include="Source\Player.cpp">
      <Filter>소스 파일\Game</Filter>
    </ClCompile>
    <ClCompile Include="Source\SceneManager.cpp">
      <Filter>소스 파일\Core</Filter>
    </ClCompile>
    <ClCompile Include="Source\PCH.cpp">
      <Filter>소스 파일\Data</Filter>
    </ClCompile>
    <ClCompile Include="Source\Shader.cpp">
      <Filter>소스 파일\Rendering</Filter>
    </ClCompile>
    <ClCompile Include="Source\InputManager.cpp">
      <Filter>소스 파일\Core</Filter>
    </ClCompile>
    <ClCompile Include="Source\Main.cpp">
      <Filter>소스 파일</Filter>
    </ClCompile>
  </ItemGroup>
  <ItemGroup>
    <ClInclude Include="Source\Model.h">
      <Filter>소스 파일\Rendering</Filter>
    </ClInclude>
    <ClInclude Include="Source\Camera.h">
      <Filter>소스 파일\Rendering</Filter>
    </ClInclude>
    <ClInclude Include="Source\GameObject.h">
      <Filter>소스 파일\Game</Filter>
    </ClInclude>
    <ClInclude Include="Source\Player.h">
      <Filter>소스 파일\Game</Filter>
    </ClInclude>
    <ClInclude Include="Source\SceneManager.h">
      <Filter>소스 파일\Core</Filter>
    </ClInclude>
    <ClInclude Include="Source\PCH.h">
      <Filter>소스 파일\Data</Filter>
    </ClInclude>
    <ClInclude Include="Source\Shader.h">
      <Filter>소스 파일\Rendering</Filter>
    </ClInclude>
    <ClInclude Include="Source\Utils.h">
      <Filter>소스 파일\Utils</Filter>
    </ClInclude>
    <ClInclude Include="Source\Logger.h">
      <Filter>소스 파일\Utils</Filter>
    </ClInclude>
    <ClInclude Include="Source\InputManager.h">
      <Filter>소스 파일\Core</Filter>
    </ClInclude>
  </ItemGroup>
</Project>