<?xml version="1.0" encoding="utf-8"?>
<Project ToolsVersion="4.0" xmlns="http://schemas.microsoft.com/developer/msbuild/2003">
  <ItemGroup>
    <Filter Include="소스 파일">
      <UniqueIdentifier>{4FC737F1-C7A5-4376-A066-2A32D752A2FF}</UniqueIdentifier>
      <Extensions>cpp;c;cc;cxx;c++;cppm;ixx;def;odl;idl;hpj;bat;asm;asmx</Extensions>
    </Filter>
    <Filter Include="소스 파일\PCH">
      <UniqueIdentifier>{aa1e191b-5e26-439d-b056-b9317c722b9e}</UniqueIdentifier>
    </Filter>
    <Filter Include="소스 파일\Utils">
      <UniqueIdentifier>{79531096-343f-4386-8749-9a051dfcdcbe}</UniqueIdentifier>
    </Filter>
    <Filter Include="소스 파일\Rendering">
      <UniqueIdentifier>{4b7e459e-6f1c-4e63-b987-e2208b3f94bf}</UniqueIdentifier>
    </Filter>
    <Filter Include="소스 파일\Systems">
      <UniqueIdentifier>{bda7a908-e5f0-4976-af25-50c4a55f2ed1}</UniqueIdentifier>
    </Filter>
    <Filter Include="소스 파일\Game">
      <UniqueIdentifier>{51cb177f-15a3-48c0-8186-65dffc6cdc2c}</UniqueIdentifier>
    </Filter>
    <Filter Include="소스 파일\Core">
      <UniqueIdentifier>{485f1a37-8653-4ade-9291-b7cacf686197}</UniqueIdentifier>
    </Filter>
  </ItemGroup>
  <ItemGroup>
    <ClCompile Include="Source\Main.cpp">
      <Filter>소스 파일</Filter>
    </ClCompile>
    <ClCompile Include="Source\Systems\PickingSystem.cpp">
      <Filter>소스 파일</Filter>
    </ClCompile>
    <ClCompile Include="Source\Systems\CollisionSystem.cpp">
      <Filter>소스 파일</Filter>
    </ClCompile>
    <ClCompile Include="Source\Systems\DebugDrawer.cpp">
      <Filter>소스 파일</Filter>
    </ClCompile>
    <ClCompile Include="Source\Systems\BoxCollider.cpp">
      <Filter>소스 파일</Filter>
    </ClCompile>
    <ClCompile Include="Source\Game\Terrarian.cpp">
      <Filter>소스 파일</Filter>
    </ClCompile>
    <ClCompile Include="Source\Game\Crop.cpp">
      <Filter>소스 파일</Filter>
    </ClCompile>
    <ClCompile Include="Source\Systems\DataTable.cpp">
      <Filter>소스 파일</Filter>
    </ClCompile>
    <ClCompile Include="Source\Core\InputManager.cpp">
      <Filter>소스 파일</Filter>
    </ClCompile>
    <ClCompile Include="Source\Render\Camera.cpp">
      <Filter>소스 파일</Filter>
    </ClCompile>
    <ClCompile Include="Source\Game\GameObject.cpp">
      <Filter>소스 파일</Filter>
    </ClCompile>
    <ClCompile Include="Source\Systems\Inventory.cpp">
      <Filter>소스 파일</Filter>
    </ClCompile>
    <ClCompile Include="Source\Render\Model.cpp">
      <Filter>소스 파일</Filter>
    </ClCompile>
    <ClCompile Include="Source\PCH\PCH.cpp">
      <Filter>소스 파일</Filter>
    </ClCompile>
    <ClCompile Include="Source\Game\Player.cpp">
      <Filter>소스 파일</Filter>
    </ClCompile>
    <ClCompile Include="Source\Core\SceneManager.cpp">
      <Filter>소스 파일</Filter>
    </ClCompile>
    <ClCompile Include="Source\Render\Shader.cpp">
      <Filter>소스 파일</Filter>
    </ClCompile>
  </ItemGroup>
  <ItemGroup>
    <ClInclude Include="Source\Utils\FileUtils.h" />
    <ClInclude Include="Source\Systems\PickingSystem.h" />
    <ClInclude Include="Source\Systems\CollisionSystem.h" />
    <ClInclude Include="Source\Systems\DebugDrawer.h" />
    <ClInclude Include="Source\Systems\BoxCollider.h" />
    <ClInclude Include="Source\Systems\Collider.h" />
    <ClInclude Include="Source\Lib\stb_image.h" />
    <ClInclude Include="Source\Game\Terrarian.h" />
    <ClInclude Include="Source\Game\GameTypes.h" />
    <ClInclude Include="Source\Game\Crop.h" />
    <ClInclude Include="Source\Systems\DataTable.h" />
    <ClInclude Include="Source\Core\InputManager.h" />
    <ClInclude Include="Source\Render\Camera.h" />
    <ClInclude Include="Source\Game\GameObject.h" />
    <ClInclude Include="Source\Systems\Inventory.h" />
    <ClInclude Include="Source\Utils\Logger.h" />
    <ClInclude Include="Source\Render\Model.h" />
    <ClInclude Include="Source\PCH\PCH.h" />
    <ClInclude Include="Source\Game\Player.h" />
    <ClInclude Include="Source\Core\SceneManager.h" />
    <ClInclude Include="Source\Render\Shader.h" />
    <ClInclude Include="Source\Utils\MathUtils.h" />
  </ItemGroup>
</Project>